
Microsoft Visual Studio Solution File, Format Version 12.00
# Visual Studio Version 17
VisualStudioVersion = 17.0.32112.339
MinimumVisualStudioVersion = 10.0.40219.1
Project("{FAE04EC0-301F-11D3-BF4B-00C04F79EFBC}") = "Bilet", "Bilet\Bilet.csproj", "{FD284D76-C929-41A6-AC63-52A5402BA42A}"
EndProject
Global
	GlobalSection(SolutionConfigurationPlatforms) = preSolution
		Debug|Any CPU = Debug|Any CPU
		Release|Any CPU = Release|Any CPU
	EndGlobalSection
	GlobalSection(ProjectConfigurationPlatforms) = postSolution
		{FD284D76-C929-41A6-AC63-52A5402BA42A}.Debug|Any CPU.ActiveCfg = Debug|Any CPU
		{FD284D76-C929-41A6-AC63-52A5402BA42A}.Debug|Any CPU.Build.0 = Debug|Any CPU
		{FD284D76-C929-41A6-AC63-52A5402BA42A}.Release|Any CPU.ActiveCfg = Release|Any CPU
		{FD284D76-C929-41A6-AC63-52A5402BA42A}.Release|Any CPU.Build.0 = Release|Any CPU
	EndGlobalSection
	GlobalSection(SolutionProperties) = preSolution
		HideSolutionNode = FALSE
	EndGlobalSection
	GlobalSection(ExtensibilityGlobals) = postSolution
		SolutionGuid = {38DC8F9C-CE62-4FDF-921C-91B223F11125}
	EndGlobalSection
EndGlobal
